
Microsoft Visual Studio Solution File, Format Version 12.00
# Visual Studio Version 17
VisualStudioVersion = 17.6.33717.318
MinimumVisualStudioVersion = 10.0.40219.1
Project("{F184B08F-C81C-45F6-A57F-5ABD9991F28F}") = "CloudlogCAT", "CloudlogCAT.vbproj", "{4EE2EBDD-75C5-4C00-A340-85D9A0B8DB67}"
EndProject
Global
	GlobalSection(SolutionConfigurationPlatforms) = preSolution
		Debug|Any CPU = Debug|Any CPU
		Release|Any CPU = Release|Any CPU
	EndGlobalSection
	GlobalSection(ProjectConfigurationPlatforms) = postSolution
		{4EE2EBDD-75C5-4C00-A340-85D9A0B8DB67}.Debug|Any CPU.ActiveCfg = Debug|Any CPU
		{4EE2EBDD-75C5-4C00-A340-85D9A0B8DB67}.Debug|Any CPU.Build.0 = Debug|Any CPU
		{4EE2EBDD-75C5-4C00-A340-85D9A0B8DB67}.Release|Any CPU.ActiveCfg = Release|Any CPU
		{4EE2EBDD-75C5-4C00-A340-85D9A0B8DB67}.Release|Any CPU.Build.0 = Release|Any CPU
	EndGlobalSection
	GlobalSection(SolutionProperties) = preSolution
		HideSolutionNode = FALSE
	EndGlobalSection
	GlobalSection(ExtensibilityGlobals) = postSolution
		SolutionGuid = {741A10D9-7016-47F7-A8DC-B9D3F36E2B34}
	EndGlobalSection
EndGlobal
